Microsoft Visual Studio Solution File, Format Version 11.00
# Visual Studio 2008

Project("{EDD652C1-9D7D-BBFB-3D24-2AA14B2FEC8C}") = "MonteCarlo", "Assembly-CSharp-vs.csproj", "{1894CFF3-7E0C-988C-E24B-D6BE4F55DFBD}"
EndProject
Project("{EDD652C1-9D7D-BBFB-3D24-2AA14B2FEC8C}") = "MonteCarlo", "Assembly-CSharp-Editor-vs.csproj", "{8332FD3E-6013-CA7C-165B-FD3135258E0D}"
EndProject
Global
	GlobalSection(SolutionConfigurationPlatforms) = preSolution
		Debug|Any CPU = Debug|Any CPU
		Release|Any CPU = Release|Any CPU
	EndGlobalSection
	GlobalSection(ProjectConfigurationPlatforms) = postSolution
		{1894CFF3-7E0C-988C-E24B-D6BE4F55DFBD}.Debug|Any CPU.ActiveCfg = Debug|Any CPU
		{1894CFF3-7E0C-988C-E24B-D6BE4F55DFBD}.Debug|Any CPU.Build.0 = Debug|Any CPU
		{1894CFF3-7E0C-988C-E24B-D6BE4F55DFBD}.Release|Any CPU.ActiveCfg = Release|Any CPU
		{1894CFF3-7E0C-988C-E24B-D6BE4F55DFBD}.Release|Any CPU.Build.0 = Release|Any CPU
		{8332FD3E-6013-CA7C-165B-FD3135258E0D}.Debug|Any CPU.ActiveCfg = Debug|Any CPU
		{8332FD3E-6013-CA7C-165B-FD3135258E0D}.Debug|Any CPU.Build.0 = Debug|Any CPU
		{8332FD3E-6013-CA7C-165B-FD3135258E0D}.Release|Any CPU.ActiveCfg = Release|Any CPU
		{8332FD3E-6013-CA7C-165B-FD3135258E0D}.Release|Any CPU.Build.0 = Release|Any CPU
	EndGlobalSection
	GlobalSection(SolutionProperties) = preSolution
		HideSolutionNode = FALSE
	EndGlobalSection
																																																																																																																																																																																																																																												GlobalSection(MonoDevelopProperties) = preSolution
		StartupItem = Assembly-CSharp.csproj
		Policies = $0
		$0.TextStylePolicy = $1
		$1.FileWidth = 160
		$1.inheritsSet = VisualStudio
		$1.inheritsScope = text/plain
		$1.scope = text/x-csharp
		$0.CSharpFormattingPolicy = $2
		$2.IndentSwitchBody = True
		$2.AnonymousMethodBraceStyle = NextLine
		$2.PropertyBraceStyle = NextLine
		$2.PropertyGetBraceStyle = NextLine
		$2.PropertySetBraceStyle = NextLine
		$2.EventBraceStyle = NextLine
		$2.EventAddBraceStyle = NextLine
		$2.EventRemoveBraceStyle = NextLine
		$2.StatementBraceStyle = NextLine
		$2.ArrayInitializerBraceStyle = NextLine
		$2.BeforeMethodDeclarationParentheses = False
		$2.BeforeMethodCallParentheses = False
		$2.BeforeConstructorDeclarationParentheses = False
		$2.BeforeDelegateDeclarationParentheses = False
		$2.NewParentheses = False
		$2.inheritsSet = Mono
		$2.inheritsScope = text/x-csharp
		$2.scope = text/x-csharp
		$0.TextStylePolicy = $3
		$3.FileWidth = 120
		$3.TabWidth = 4
		$3.EolMarker = Unix
		$3.inheritsSet = Mono
		$3.inheritsScope = text/plain
		$3.scope = text/plain
		$0.DotNetNamingPolicy = $4
		$4.DirectoryNamespaceAssociation = None
		$4.ResourceNamePolicy = FileFormatDefault
		$0.TextStylePolicy = $5
		$5.inheritsSet = null
		$5.scope = text/x-shader
	EndGlobalSection

EndGlobal
